// !$*UTF8*$!
{
	archiveVersion = 1;
	classes = {
	};
	objectVersion = 51;
	objects = {

/* Begin PBXBuildFile section */
		65108983633F1110EF61EE1E /* Pods_Automaty_AutomatyUITests.framework in Frameworks */ = {isa = PBXBuildFile; fileRef = 53BC8B641C4EA682310EBF84 /* Pods_Automaty_AutomatyUITests.framework */; };
		A14199CE69075918854D5C2A /* Pods_Automaty.framework in Frameworks */ = {isa = PBXBuildFile; fileRef = 542C37546635C9C507D5661A /* Pods_Automaty.framework */; };
		E83E12B5DA8E22003492D7D4 /* Pods_AutomatyTests.framework in Frameworks */ = {isa = PBXBuildFile; fileRef = FE826FBF9882464D51DC5D6D /* Pods_AutomatyTests.framework */; };
		F12D433E24086AAE0020222C /* AppDelegate.swift in Sources */ = {isa = PBXBuildFile; fileRef = F12D433D24086AAE0020222C /* AppDelegate.swift */; };
		F12D434224086AAE0020222C /* ViewController.swift in Sources */ = {isa = PBXBuildFile; fileRef = F12D434124086AAE0020222C /* ViewController.swift */; };
		F12D434724086AAF0020222C /* Assets.xcassets in Resources */ = {isa = PBXBuildFile; fileRef = F12D434624086AAF0020222C /* Assets.xcassets */; };
		F12D434A24086AAF0020222C /* LaunchScreen.storyboard in Resources */ = {isa = PBXBuildFile; fileRef = F12D434824086AAF0020222C /* LaunchScreen.storyboard */; };
		F12D436024086AAF0020222C /* AutomatyUITests.swift in Sources */ = {isa = PBXBuildFile; fileRef = F12D435F24086AAF0020222C /* AutomatyUITests.swift */; };
		F13C59132415174500E78876 /* KeysSpec.swift in Sources */ = {isa = PBXBuildFile; fileRef = F13C59122415174500E78876 /* KeysSpec.swift */; };
		F13C5915241522EE00E78876 /* main.swift in Sources */ = {isa = PBXBuildFile; fileRef = F13C5914241522EE00E78876 /* main.swift */; };
		F19B7354240F0D0D001E0865 /* KeysProtocol.swift in Sources */ = {isa = PBXBuildFile; fileRef = F19B7353240F0D0D001E0865 /* KeysProtocol.swift */; };
/* End PBXBuildFile section */

/* Begin PBXContainerItemProxy section */
		F12D435124086AAF0020222C /* PBXContainerItemProxy */ = {
			isa = PBXContainerItemProxy;
			containerPortal = F12D433224086AAE0020222C /* Project object */;
			proxyType = 1;
			remoteGlobalIDString = F12D433924086AAE0020222C;
			remoteInfo = Automaty;
		};
		F12D435C24086AAF0020222C /* PBXContainerItemProxy */ = {
			isa = PBXContainerItemProxy;
			containerPortal = F12D433224086AAE0020222C /* Project object */;
			proxyType = 1;
			remoteGlobalIDString = F12D433924086AAE0020222C;
			remoteInfo = Automaty;
		};
/* End PBXContainerItemProxy section */

/* Begin PBXFileReference section */
		0F4E68B6CB2F14EBD4D0D2D5 /* Pods-Automaty-AutomatyUITests.debug.xcconfig */ = {isa = PBXFileReference; includeInIndex = 1; lastKnownFileType = text.xcconfig; name = "Pods-Automaty-AutomatyUITests.debug.xcconfig"; path = "Target Support Files/Pods-Automaty-AutomatyUITests/Pods-Automaty-AutomatyUITests.debug.xcconfig"; sourceTree = "<group>"; };
		4C8DBCB089FB73E6E3DEBA25 /* Pods-Automaty.release.xcconfig */ = {isa = PBXFileReference; includeInIndex = 1; lastKnownFileType = text.xcconfig; name = "Pods-Automaty.release.xcconfig"; path = "Target Support Files/Pods-Automaty/Pods-Automaty.release.xcconfig"; sourceTree = "<group>"; };
		53BC8B641C4EA682310EBF84 /* Pods_Automaty_AutomatyUITests.framework */ = {isa = PBXFileReference; explicitFileType = wrapper.framework; includeInIndex = 0; path = Pods_Automaty_AutomatyUITests.framework; sourceTree = BUILT_PRODUCTS_DIR; };
		542C37546635C9C507D5661A /* Pods_Automaty.framework */ = {isa = PBXFileReference; explicitFileType = wrapper.framework; includeInIndex = 0; path = Pods_Automaty.framework; sourceTree = BUILT_PRODUCTS_DIR; };
		74BD4EADA5775CA3EF949760 /* Pods-Automaty-AutomatyUITests.release.xcconfig */ = {isa = PBXFileReference; includeInIndex = 1; lastKnownFileType = text.xcconfig; name = "Pods-Automaty-AutomatyUITests.release.xcconfig"; path = "Target Support Files/Pods-Automaty-AutomatyUITests/Pods-Automaty-AutomatyUITests.release.xcconfig"; sourceTree = "<group>"; };
		872945C6F5BB696C28A695B9 /* Pods-AutomatyTests.release.xcconfig */ = {isa = PBXFileReference; includeInIndex = 1; lastKnownFileType = text.xcconfig; name = "Pods-AutomatyTests.release.xcconfig"; path = "Target Support Files/Pods-AutomatyTests/Pods-AutomatyTests.release.xcconfig"; sourceTree = "<group>"; };
		E2174710AA461B9996137095 /* Pods-AutomatyTests.debug.xcconfig */ = {isa = PBXFileReference; includeInIndex = 1; lastKnownFileType = text.xcconfig; name = "Pods-AutomatyTests.debug.xcconfig"; path = "Target Support Files/Pods-AutomatyTests/Pods-AutomatyTests.debug.xcconfig"; sourceTree = "<group>"; };
		E21750A4F8D35BD0B230AEF3 /* Pods-Automaty.debug.xcconfig */ = {isa = PBXFileReference; includeInIndex = 1; lastKnownFileType = text.xcconfig; name = "Pods-Automaty.debug.xcconfig"; path = "Target Support Files/Pods-Automaty/Pods-Automaty.debug.xcconfig"; sourceTree = "<group>"; };
		F12D433A24086AAE0020222C /* Automaty.app */ = {isa = PBXFileReference; explicitFileType = wrapper.application; includeInIndex = 0; path = Automaty.app; sourceTree = BUILT_PRODUCTS_DIR; };
		F12D433D24086AAE0020222C /* AppDelegate.swift */ = {isa = PBXFileReference; lastKnownFileType = sourcecode.swift; path = AppDelegate.swift; sourceTree = "<group>"; };
		F12D434124086AAE0020222C /* ViewController.swift */ = {isa = PBXFileReference; lastKnownFileType = sourcecode.swift; path = ViewController.swift; sourceTree = "<group>"; };
		F12D434624086AAF0020222C /* Assets.xcassets */ = {isa = PBXFileReference; lastKnownFileType = folder.assetcatalog; path = Assets.xcassets; sourceTree = "<group>"; };
		F12D434924086AAF0020222C /* Base */ = {isa = PBXFileReference; lastKnownFileType = file.storyboard; name = Base; path = Base.lproj/LaunchScreen.storyboard; sourceTree = "<group>"; };
		F12D434B24086AAF0020222C /* Info.plist */ = {isa = PBXFileReference; lastKnownFileType = text.plist.xml; path = Info.plist; sourceTree = "<group>"; };
		F12D435024086AAF0020222C /* AutomatyTests.xctest */ = {isa = PBXFileReference; explicitFileType = wrapper.cfbundle; includeInIndex = 0; path = AutomatyTests.xctest; sourceTree = BUILT_PRODUCTS_DIR; };
		F12D435624086AAF0020222C /* Info.plist */ = {isa = PBXFileReference; lastKnownFileType = text.plist.xml; path = Info.plist; sourceTree = "<group>"; };
		F12D435B24086AAF0020222C /* AutomatyUITests.xctest */ = {isa = PBXFileReference; explicitFileType = wrapper.cfbundle; includeInIndex = 0; path = AutomatyUITests.xctest; sourceTree = BUILT_PRODUCTS_DIR; };
		F12D435F24086AAF0020222C /* AutomatyUITests.swift */ = {isa = PBXFileReference; lastKnownFileType = sourcecode.swift; path = AutomatyUITests.swift; sourceTree = "<group>"; };
		F12D436124086AAF0020222C /* Info.plist */ = {isa = PBXFileReference; lastKnownFileType = text.plist.xml; path = Info.plist; sourceTree = "<group>"; };
		F13C59112415174400E78876 /* AutomatyTests-Bridging-Header.h */ = {isa = PBXFileReference; lastKnownFileType = sourcecode.c.h; path = "AutomatyTests-Bridging-Header.h"; sourceTree = "<group>"; };
		F13C59122415174500E78876 /* KeysSpec.swift */ = {isa = PBXFileReference; lastKnownFileType = sourcecode.swift; path = KeysSpec.swift; sourceTree = "<group>"; };
		F13C5914241522EE00E78876 /* main.swift */ = {isa = PBXFileReference; lastKnownFileType = sourcecode.swift; path = main.swift; sourceTree = "<group>"; };
		F19B7353240F0D0D001E0865 /* KeysProtocol.swift */ = {isa = PBXFileReference; lastKnownFileType = sourcecode.swift; path = KeysProtocol.swift; sourceTree = "<group>"; };
		FE826FBF9882464D51DC5D6D /* Pods_AutomatyTests.framework */ = {isa = PBXFileReference; explicitFileType = wrapper.framework; includeInIndex = 0; path = Pods_AutomatyTests.framework; sourceTree = BUILT_PRODUCTS_DIR; };
/* End PBXFileReference section */

/* Begin PBXFrameworksBuildPhase section */
		F12D433724086AAE0020222C /* Frameworks */ = {
			isa = PBXFrameworksBuildPhase;
			buildActionMask = 2147483647;
			files = (
				A14199CE69075918854D5C2A /* Pods_Automaty.framework in Frameworks */,
			);
			runOnlyForDeploymentPostprocessing = 0;
		};
		F12D434D24086AAF0020222C /* Frameworks */ = {
			isa = PBXFrameworksBuildPhase;
			buildActionMask = 2147483647;
			files = (
				E83E12B5DA8E22003492D7D4 /* Pods_AutomatyTests.framework in Frameworks */,
			);
			runOnlyForDeploymentPostprocessing = 0;
		};
		F12D435824086AAF0020222C /* Frameworks */ = {
			isa = PBXFrameworksBuildPhase;
			buildActionMask = 2147483647;
			files = (
				65108983633F1110EF61EE1E /* Pods_Automaty_AutomatyUITests.framework in Frameworks */,
			);
			runOnlyForDeploymentPostprocessing = 0;
		};
/* End PBXFrameworksBuildPhase section */

/* Begin PBXGroup section */
		754EE053FC35E964E4206B2D /* Frameworks */ = {
			isa = PBXGroup;
			children = (
				542C37546635C9C507D5661A /* Pods_Automaty.framework */,
				53BC8B641C4EA682310EBF84 /* Pods_Automaty_AutomatyUITests.framework */,
				FE826FBF9882464D51DC5D6D /* Pods_AutomatyTests.framework */,
			);
			name = Frameworks;
			sourceTree = "<group>";
		};
		CD823C82BFE5B27D3381728F /* Pods */ = {
			isa = PBXGroup;
			children = (
				E21750A4F8D35BD0B230AEF3 /* Pods-Automaty.debug.xcconfig */,
				4C8DBCB089FB73E6E3DEBA25 /* Pods-Automaty.release.xcconfig */,
				0F4E68B6CB2F14EBD4D0D2D5 /* Pods-Automaty-AutomatyUITests.debug.xcconfig */,
				74BD4EADA5775CA3EF949760 /* Pods-Automaty-AutomatyUITests.release.xcconfig */,
				E2174710AA461B9996137095 /* Pods-AutomatyTests.debug.xcconfig */,
				872945C6F5BB696C28A695B9 /* Pods-AutomatyTests.release.xcconfig */,
			);
			path = Pods;
			sourceTree = "<group>";
		};
		F12D433124086AAE0020222C = {
			isa = PBXGroup;
			children = (
				F13C5914241522EE00E78876 /* main.swift */,
				F12D433C24086AAE0020222C /* Automaty */,
				F12D435324086AAF0020222C /* AutomatyTests */,
				F12D435E24086AAF0020222C /* AutomatyUITests */,
				F12D433B24086AAE0020222C /* Products */,
				CD823C82BFE5B27D3381728F /* Pods */,
				754EE053FC35E964E4206B2D /* Frameworks */,
			);
			sourceTree = "<group>";
		};
		F12D433B24086AAE0020222C /* Products */ = {
			isa = PBXGroup;
			children = (
				F12D433A24086AAE0020222C /* Automaty.app */,
				F12D435024086AAF0020222C /* AutomatyTests.xctest */,
				F12D435B24086AAF0020222C /* AutomatyUITests.xctest */,
			);
			name = Products;
			sourceTree = "<group>";
		};
		F12D433C24086AAE0020222C /* Automaty */ = {
			isa = PBXGroup;
			children = (
				F19B7352240F0CF4001E0865 /* UI */,
				F19B7351240F0CEF001E0865 /* Others */,
				F19B7350240F0CE9001E0865 /* Protocols */,
			);
			path = Automaty;
			sourceTree = "<group>";
		};
		F12D435324086AAF0020222C /* AutomatyTests */ = {
			isa = PBXGroup;
			children = (
				F12D435624086AAF0020222C /* Info.plist */,
				F13C59122415174500E78876 /* KeysSpec.swift */,
				F13C59112415174400E78876 /* AutomatyTests-Bridging-Header.h */,
			);
			path = AutomatyTests;
			sourceTree = "<group>";
		};
		F12D435E24086AAF0020222C /* AutomatyUITests */ = {
			isa = PBXGroup;
			children = (
				F12D435F24086AAF0020222C /* AutomatyUITests.swift */,
				F12D436124086AAF0020222C /* Info.plist */,
			);
			path = AutomatyUITests;
			sourceTree = "<group>";
		};
		F19B7350240F0CE9001E0865 /* Protocols */ = {
			isa = PBXGroup;
			children = (
				F19B7353240F0D0D001E0865 /* KeysProtocol.swift */,
			);
			path = Protocols;
			sourceTree = "<group>";
		};
		F19B7351240F0CEF001E0865 /* Others */ = {
			isa = PBXGroup;
			children = (
				F12D433D24086AAE0020222C /* AppDelegate.swift */,
				F12D434624086AAF0020222C /* Assets.xcassets */,
				F12D434824086AAF0020222C /* LaunchScreen.storyboard */,
				F12D434B24086AAF0020222C /* Info.plist */,
			);
			path = Others;
			sourceTree = "<group>";
		};
		F19B7352240F0CF4001E0865 /* UI */ = {
			isa = PBXGroup;
			children = (
				F12D434124086AAE0020222C /* ViewController.swift */,
			);
			path = UI;
			sourceTree = "<group>";
		};
/* End PBXGroup section */

/* Begin PBXNativeTarget section */
		F12D433924086AAE0020222C /* Automaty */ = {
			isa = PBXNativeTarget;
			buildConfigurationList = F12D436424086AAF0020222C /* Build configuration list for PBXNativeTarget "Automaty" */;
			buildPhases = (
				8F37CA027DD8FD19E0CAB8F8 /* [CP] Check Pods Manifest.lock */,
				F12D433624086AAE0020222C /* Sources */,
				F12D433724086AAE0020222C /* Frameworks */,
				F12D433824086AAE0020222C /* Resources */,
				B2D9C1044B57B56A5C7CAE6F /* [CP] Embed Pods Frameworks */,
			);
			buildRules = (
			);
			dependencies = (
			);
			name = Automaty;
			productName = Automaty;
			productReference = F12D433A24086AAE0020222C /* Automaty.app */;
			productType = "com.apple.product-type.application";
		};
		F12D434F24086AAF0020222C /* AutomatyTests */ = {
			isa = PBXNativeTarget;
			buildConfigurationList = F12D436724086AAF0020222C /* Build configuration list for PBXNativeTarget "AutomatyTests" */;
			buildPhases = (
				0C15F5EF175DAC352708BC91 /* [CP] Check Pods Manifest.lock */,
				F12D434C24086AAF0020222C /* Sources */,
				F12D434D24086AAF0020222C /* Frameworks */,
				F12D434E24086AAF0020222C /* Resources */,
				CEAFF1A0EA42BF5B353826E5 /* [CP] Embed Pods Frameworks */,
			);
			buildRules = (
			);
			dependencies = (
				F12D435224086AAF0020222C /* PBXTargetDependency */,
			);
			name = AutomatyTests;
			productName = AutomatyTests;
			productReference = F12D435024086AAF0020222C /* AutomatyTests.xctest */;
			productType = "com.apple.product-type.bundle.unit-test";
		};
		F12D435A24086AAF0020222C /* AutomatyUITests */ = {
			isa = PBXNativeTarget;
			buildConfigurationList = F12D436A24086AAF0020222C /* Build configuration list for PBXNativeTarget "AutomatyUITests" */;
			buildPhases = (
				C9645491308CCC44CC9ADFE0 /* [CP] Check Pods Manifest.lock */,
				F12D435724086AAF0020222C /* Sources */,
				F12D435824086AAF0020222C /* Frameworks */,
				F12D435924086AAF0020222C /* Resources */,
				E05664FA1B6EAA1DAC43C63B /* [CP] Embed Pods Frameworks */,
			);
			buildRules = (
			);
			dependencies = (
				F12D435D24086AAF0020222C /* PBXTargetDependency */,
			);
			name = AutomatyUITests;
			productName = AutomatyUITests;
			productReference = F12D435B24086AAF0020222C /* AutomatyUITests.xctest */;
			productType = "com.apple.product-type.bundle.ui-testing";
		};
/* End PBXNativeTarget section */

/* Begin PBXProject section */
		F12D433224086AAE0020222C /* Project object */ = {
			isa = PBXProject;
			attributes = {
				LastSwiftUpdateCheck = 1130;
				LastUpgradeCheck = 1130;
				ORGANIZATIONNAME = "Tomasz Korab";
				TargetAttributes = {
					F12D433924086AAE0020222C = {
						CreatedOnToolsVersion = 11.3;
					};
					F12D434F24086AAF0020222C = {
						CreatedOnToolsVersion = 11.3;
						LastSwiftMigration = 1130;
						TestTargetID = F12D433924086AAE0020222C;
					};
					F12D435A24086AAF0020222C = {
						CreatedOnToolsVersion = 11.3;
						TestTargetID = F12D433924086AAE0020222C;
					};
				};
			};
			buildConfigurationList = F12D433524086AAE0020222C /* Build configuration list for PBXProject "Automaty" */;
			compatibilityVersion = "Xcode 9.3";
			developmentRegion = en;
			hasScannedForEncodings = 0;
			knownRegions = (
				en,
				Base,
			);
			mainGroup = F12D433124086AAE0020222C;
			productRefGroup = F12D433B24086AAE0020222C /* Products */;
			projectDirPath = "";
			projectRoot = "";
			targets = (
				F12D433924086AAE0020222C /* Automaty */,
				F12D434F24086AAF0020222C /* AutomatyTests */,
				F12D435A24086AAF0020222C /* AutomatyUITests */,
			);
		};
/* End PBXProject section */

/* Begin PBXResourcesBuildPhase section */
		F12D433824086AAE0020222C /* Resources */ = {
			isa = PBXResourcesBuildPhase;
			buildActionMask = 2147483647;
			files = (
				F12D434A24086AAF0020222C /* LaunchScreen.storyboard in Resources */,
				F12D434724086AAF0020222C /* Assets.xcassets in Resources */,
			);
			runOnlyForDeploymentPostprocessing = 0;
		};
		F12D434E24086AAF0020222C /* Resources */ = {
			isa = PBXResourcesBuildPhase;
			buildActionMask = 2147483647;
			files = (
			);
			runOnlyForDeploymentPostprocessing = 0;
		};
		F12D435924086AAF0020222C /* Resources */ = {
			isa = PBXResourcesBuildPhase;
			buildActionMask = 2147483647;
			files = (
			);
			runOnlyForDeploymentPostprocessing = 0;
		};
/* End PBXResourcesBuildPhase section */

/* Begin PBXShellScriptBuildPhase section */
		0C15F5EF175DAC352708BC91 /* [CP] Check Pods Manifest.lock */ = {
			isa = PBXShellScriptBuildPhase;
			buildActionMask = 2147483647;
			files = (
			);
			inputFileListPaths = (
			);
			inputPaths = (
				"${PODS_PODFILE_DIR_PATH}/Podfile.lock",
				"${PODS_ROOT}/Manifest.lock",
			);
			name = "[CP] Check Pods Manifest.lock";
			outputFileListPaths = (
			);
			outputPaths = (
				"$(DERIVED_FILE_DIR)/Pods-AutomatyTests-checkManifestLockResult.txt",
			);
			runOnlyForDeploymentPostprocessing = 0;
			shellPath = /bin/sh;
			shellScript = "diff \"${PODS_PODFILE_DIR_PATH}/Podfile.lock\" \"${PODS_ROOT}/Manifest.lock\" > /dev/null\nif [ $? != 0 ] ; then\n    # print error to STDERR\n    echo \"error: The sandbox is not in sync with the Podfile.lock. Run 'pod install' or update your CocoaPods installation.\" >&2\n    exit 1\nfi\n# This output is used by Xcode 'outputs' to avoid re-running this script phase.\necho \"SUCCESS\" > \"${SCRIPT_OUTPUT_FILE_0}\"\n";
			showEnvVarsInLog = 0;
		};
		8F37CA027DD8FD19E0CAB8F8 /* [CP] Check Pods Manifest.lock */ = {
			isa = PBXShellScriptBuildPhase;
			buildActionMask = 2147483647;
			files = (
			);
			inputFileListPaths = (
			);
			inputPaths = (
				"${PODS_PODFILE_DIR_PATH}/Podfile.lock",
				"${PODS_ROOT}/Manifest.lock",
			);
			name = "[CP] Check Pods Manifest.lock";
			outputFileListPaths = (
			);
			outputPaths = (
				"$(DERIVED_FILE_DIR)/Pods-Automaty-checkManifestLockResult.txt",
			);
			runOnlyForDeploymentPostprocessing = 0;
			shellPath = /bin/sh;
			shellScript = "diff \"${PODS_PODFILE_DIR_PATH}/Podfile.lock\" \"${PODS_ROOT}/Manifest.lock\" > /dev/null\nif [ $? != 0 ] ; then\n    # print error to STDERR\n    echo \"error: The sandbox is not in sync with the Podfile.lock. Run 'pod install' or update your CocoaPods installation.\" >&2\n    exit 1\nfi\n# This output is used by Xcode 'outputs' to avoid re-running this script phase.\necho \"SUCCESS\" > \"${SCRIPT_OUTPUT_FILE_0}\"\n";
			showEnvVarsInLog = 0;
		};
		B2D9C1044B57B56A5C7CAE6F /* [CP] Embed Pods Frameworks */ = {
			isa = PBXShellScriptBuildPhase;
			buildActionMask = 2147483647;
			files = (
			);
			inputFileListPaths = (
				"${PODS_ROOT}/Target Support Files/Pods-Automaty/Pods-Automaty-frameworks-${CONFIGURATION}-input-files.xcfilelist",
			);
			name = "[CP] Embed Pods Frameworks";
			outputFileListPaths = (
				"${PODS_ROOT}/Target Support Files/Pods-Automaty/Pods-Automaty-frameworks-${CONFIGURATION}-output-files.xcfilelist",
			);
			runOnlyForDeploymentPostprocessing = 0;
			shellPath = /bin/sh;
			shellScript = "\"${PODS_ROOT}/Target Support Files/Pods-Automaty/Pods-Automaty-frameworks.sh\"\n";
			showEnvVarsInLog = 0;
		};
		C9645491308CCC44CC9ADFE0 /* [CP] Check Pods Manifest.lock */ = {
			isa = PBXShellScriptBuildPhase;
			buildActionMask = 2147483647;
			files = (
			);
			inputFileListPaths = (
			);
			inputPaths = (
				"${PODS_PODFILE_DIR_PATH}/Podfile.lock",
				"${PODS_ROOT}/Manifest.lock",
			);
			name = "[CP] Check Pods Manifest.lock";
			outputFileListPaths = (
			);
			outputPaths = (
				"$(DERIVED_FILE_DIR)/Pods-Automaty-AutomatyUITests-checkManifestLockResult.txt",
			);
			runOnlyForDeploymentPostprocessing = 0;
			shellPath = /bin/sh;
			shellScript = "diff \"${PODS_PODFILE_DIR_PATH}/Podfile.lock\" \"${PODS_ROOT}/Manifest.lock\" > /dev/null\nif [ $? != 0 ] ; then\n    # print error to STDERR\n    echo \"error: The sandbox is not in sync with the Podfile.lock. Run 'pod install' or update your CocoaPods installation.\" >&2\n    exit 1\nfi\n# This output is used by Xcode 'outputs' to avoid re-running this script phase.\necho \"SUCCESS\" > \"${SCRIPT_OUTPUT_FILE_0}\"\n";
			showEnvVarsInLog = 0;
		};
		CEAFF1A0EA42BF5B353826E5 /* [CP] Embed Pods Frameworks */ = {
			isa = PBXShellScriptBuildPhase;
			buildActionMask = 2147483647;
			files = (
			);
			inputFileListPaths = (
				"${PODS_ROOT}/Target Support Files/Pods-AutomatyTests/Pods-AutomatyTests-frameworks-${CONFIGURATION}-input-files.xcfilelist",
			);
			name = "[CP] Embed Pods Frameworks";
			outputFileListPaths = (
				"${PODS_ROOT}/Target Support Files/Pods-AutomatyTests/Pods-AutomatyTests-frameworks-${CONFIGURATION}-output-files.xcfilelist",
			);
			runOnlyForDeploymentPostprocessing = 0;
			shellPath = /bin/sh;
			shellScript = "\"${PODS_ROOT}/Target Support Files/Pods-AutomatyTests/Pods-AutomatyTests-frameworks.sh\"\n";
			showEnvVarsInLog = 0;
		};
		E05664FA1B6EAA1DAC43C63B /* [CP] Embed Pods Frameworks */ = {
			isa = PBXShellScriptBuildPhase;
			buildActionMask = 2147483647;
			files = (
			);
			inputFileListPaths = (
				"${PODS_ROOT}/Target Support Files/Pods-Automaty-AutomatyUITests/Pods-Automaty-AutomatyUITests-frameworks-${CONFIGURATION}-input-files.xcfilelist",
			);
			name = "[CP] Embed Pods Frameworks";
			outputFileListPaths = (
				"${PODS_ROOT}/Target Support Files/Pods-Automaty-AutomatyUITests/Pods-Automaty-AutomatyUITests-frameworks-${CONFIGURATION}-output-files.xcfilelist",
			);
			runOnlyForDeploymentPostprocessing = 0;
			shellPath = /bin/sh;
			shellScript = "\"${PODS_ROOT}/Target Support Files/Pods-Automaty-AutomatyUITests/Pods-Automaty-AutomatyUITests-frameworks.sh\"\n";
			showEnvVarsInLog = 0;
		};
/* End PBXShellScriptBuildPhase section */

/* Begin PBXSourcesBuildPhase section */
		F12D433624086AAE0020222C /* Sources */ = {
			isa = PBXSourcesBuildPhase;
			buildActionMask = 2147483647;
			files = (
				F12D434224086AAE0020222C /* ViewController.swift in Sources */,
				F12D433E24086AAE0020222C /* AppDelegate.swift in Sources */,
				F13C5915241522EE00E78876 /* main.swift in Sources */,
				F19B7354240F0D0D001E0865 /* KeysProtocol.swift in Sources */,
			);
			runOnlyForDeploymentPostprocessing = 0;
		};
		F12D434C24086AAF0020222C /* Sources */ = {
			isa = PBXSourcesBuildPhase;
			buildActionMask = 2147483647;
			files = (
				F13C59132415174500E78876 /* KeysSpec.swift in Sources */,
			);
			runOnlyForDeploymentPostprocessing = 0;
		};
		F12D435724086AAF0020222C /* Sources */ = {
			isa = PBXSourcesBuildPhase;
			buildActionMask = 2147483647;
			files = (
				F12D436024086AAF0020222C /* AutomatyUITests.swift in Sources */,
			);
			runOnlyForDeploymentPostprocessing = 0;
		};
/* End PBXSourcesBuildPhase section */

/* Begin PBXTargetDependency section */
		F12D435224086AAF0020222C /* PBXTargetDependency */ = {
			isa = PBXTargetDependency;
			target = F12D433924086AAE0020222C /* Automaty */;
			targetProxy = F12D435124086AAF0020222C /* PBXContainerItemProxy */;
		};
		F12D435D24086AAF0020222C /* PBXTargetDependency */ = {
			isa = PBXTargetDependency;
			target = F12D433924086AAE0020222C /* Automaty */;
			targetProxy = F12D435C24086AAF0020222C /* PBXContainerItemProxy */;
		};
/* End PBXTargetDependency section */

/* Begin PBXVariantGroup section */
		F12D434824086AAF0020222C /* LaunchScreen.storyboard */ = {
			isa = PBXVariantGroup;
			children = (
				F12D434924086AAF0020222C /* Base */,
			);
			name = LaunchScreen.storyboard;
			sourceTree = "<group>";
		};
/* End PBXVariantGroup section */

/* Begin XCBuildConfiguration section */
		F12D436224086AAF0020222C /* Debug */ = {
			isa = XCBuildConfiguration;
			buildSettings = {
				ALWAYS_SEARCH_USER_PATHS = NO;
				CLANG_ANALYZER_NONNULL = YES;
				CLANG_ANALYZER_NUMBER_OBJECT_CONVERSION = YES_AGGRESSIVE;
				CLANG_CXX_LANGUAGE_STANDARD = "gnu++14";
				CLANG_CXX_LIBRARY = "libc++";
				CLANG_ENABLE_MODULES = YES;
				CLANG_ENABLE_OBJC_ARC = YES;
				CLANG_ENABLE_OBJC_WEAK = YES;
				CLANG_WARN_BLOCK_CAPTURE_AUTORELEASING = YES;
				CLANG_WARN_BOOL_CONVERSION = YES;
				CLANG_WARN_COMMA = YES;
				CLANG_WARN_CONSTANT_CONVERSION = YES;
				CLANG_WARN_DEPRECATED_OBJC_IMPLEMENTATIONS = YES;
				CLANG_WARN_DIRECT_OBJC_ISA_USAGE = YES_ERROR;
				CLANG_WARN_DOCUMENTATION_COMMENTS = YES;
				CLANG_WARN_EMPTY_BODY = YES;
				CLANG_WARN_ENUM_CONVERSION = YES;
				CLANG_WARN_INFINITE_RECURSION = YES;
				CLANG_WARN_INT_CONVERSION = YES;
				CLANG_WARN_NON_LITERAL_NULL_CONVERSION = YES;
				CLANG_WARN_OBJC_IMPLICIT_RETAIN_SELF = YES;
				CLANG_WARN_OBJC_LITERAL_CONVERSION = YES;
				CLANG_WARN_OBJC_ROOT_CLASS = YES_ERROR;
				CLANG_WARN_RANGE_LOOP_ANALYSIS = YES;
				CLANG_WARN_STRICT_PROTOTYPES = YES;
				CLANG_WARN_SUSPICIOUS_MOVE = YES;
				CLANG_WARN_UNGUARDED_AVAILABILITY = YES_AGGRESSIVE;
				CLANG_WARN_UNREACHABLE_CODE = YES;
				CLANG_WARN__DUPLICATE_METHOD_MATCH = YES;
				COPY_PHASE_STRIP = NO;
				DEBUG_INFORMATION_FORMAT = dwarf;
				ENABLE_STRICT_OBJC_MSGSEND = YES;
				ENABLE_TESTABILITY = YES;
				GCC_C_LANGUAGE_STANDARD = gnu11;
				GCC_DYNAMIC_NO_PIC = NO;
				GCC_NO_COMMON_BLOCKS = YES;
				GCC_OPTIMIZATION_LEVEL = 0;
				GCC_PREPROCESSOR_DEFINITIONS = (
					"DEBUG=1",
					"$(inherited)",
				);
				GCC_WARN_64_TO_32_BIT_CONVERSION = YES;
				GCC_WARN_ABOUT_RETURN_TYPE = YES_ERROR;
				GCC_WARN_UNDECLARED_SELECTOR = YES;
				GCC_WARN_UNINITIALIZED_AUTOS = YES_AGGRESSIVE;
				GCC_WARN_UNUSED_FUNCTION = YES;
				GCC_WARN_UNUSED_VARIABLE = YES;
				IPHONEOS_DEPLOYMENT_TARGET = 12.0;
				MTL_ENABLE_DEBUG_INFO = INCLUDE_SOURCE;
				MTL_FAST_MATH = YES;
				ONLY_ACTIVE_ARCH = YES;
				SDKROOT = iphoneos;
				SWIFT_ACTIVE_COMPILATION_CONDITIONS = DEBUG;
				SWIFT_OPTIMIZATION_LEVEL = "-Onone";
			};
			name = Debug;
		};
		F12D436324086AAF0020222C /* Release */ = {
			isa = XCBuildConfiguration;
			buildSettings = {
				ALWAYS_SEARCH_USER_PATHS = NO;
				CLANG_ANALYZER_NONNULL = YES;
				CLANG_ANALYZER_NUMBER_OBJECT_CONVERSION = YES_AGGRESSIVE;
				CLANG_CXX_LANGUAGE_STANDARD = "gnu++14";
				CLANG_CXX_LIBRARY = "libc++";
				CLANG_ENABLE_MODULES = YES;
				CLANG_ENABLE_OBJC_ARC = YES;
				CLANG_ENABLE_OBJC_WEAK = YES;
				CLANG_WARN_BLOCK_CAPTURE_AUTORELEASING = YES;
				CLANG_WARN_BOOL_CONVERSION = YES;
				CLANG_WARN_COMMA = YES;
				CLANG_WARN_CONSTANT_CONVERSION = YES;
				CLANG_WARN_DEPRECATED_OBJC_IMPLEMENTATIONS = YES;
				CLANG_WARN_DIRECT_OBJC_ISA_USAGE = YES_ERROR;
				CLANG_WARN_DOCUMENTATION_COMMENTS = YES;
				CLANG_WARN_EMPTY_BODY = YES;
				CLANG_WARN_ENUM_CONVERSION = YES;
				CLANG_WARN_INFINITE_RECURSION = YES;
				CLANG_WARN_INT_CONVERSION = YES;
				CLANG_WARN_NON_LITERAL_NULL_CONVERSION = YES;
				CLANG_WARN_OBJC_IMPLICIT_RETAIN_SELF = YES;
				CLANG_WARN_OBJC_LITERAL_CONVERSION = YES;
				CLANG_WARN_OBJC_ROOT_CLASS = YES_ERROR;
				CLANG_WARN_RANGE_LOOP_ANALYSIS = YES;
				CLANG_WARN_STRICT_PROTOTYPES = YES;
				CLANG_WARN_SUSPICIOUS_MOVE = YES;
				CLANG_WARN_UNGUARDED_AVAILABILITY = YES_AGGRESSIVE;
				CLANG_WARN_UNREACHABLE_CODE = YES;
				CLANG_WARN__DUPLICATE_METHOD_MATCH = YES;
				COPY_PHASE_STRIP = NO;
				DEBUG_INFORMATION_FORMAT = "dwarf-with-dsym";
				ENABLE_NS_ASSERTIONS = NO;
				ENABLE_STRICT_OBJC_MSGSEND = YES;
				GCC_C_LANGUAGE_STANDARD = gnu11;
				GCC_NO_COMMON_BLOCKS = YES;
				GCC_WARN_64_TO_32_BIT_CONVERSION = YES;
				GCC_WARN_ABOUT_RETURN_TYPE = YES_ERROR;
				GCC_WARN_UNDECLARED_SELECTOR = YES;
				GCC_WARN_UNINITIALIZED_AUTOS = YES_AGGRESSIVE;
				GCC_WARN_UNUSED_FUNCTION = YES;
				GCC_WARN_UNUSED_VARIABLE = YES;
				IPHONEOS_DEPLOYMENT_TARGET = 12.0;
				MTL_ENABLE_DEBUG_INFO = NO;
				MTL_FAST_MATH = YES;
				SDKROOT = iphoneos;
				SWIFT_COMPILATION_MODE = wholemodule;
				SWIFT_OPTIMIZATION_LEVEL = "-O";
				VALIDATE_PRODUCT = YES;
			};
			name = Release;
		};
		F12D436524086AAF0020222C /* Debug */ = {
			isa = XCBuildConfiguration;
			baseConfigurationReference = E21750A4F8D35BD0B230AEF3 /* Pods-Automaty.debug.xcconfig */;
			buildSettings = {
				ASSETCATALOG_COMPILER_APPICON_NAME = AppIcon;
				CODE_SIGN_IDENTITY = "iPhone Developer";
				CODE_SIGN_STYLE = Manual;
				DEVELOPMENT_TEAM = M8663S48MK;
				INFOPLIST_FILE = Automaty/Others/Info.plist;
				IPHONEOS_DEPLOYMENT_TARGET = 12.0;
				LD_RUNPATH_SEARCH_PATHS = (
					"$(inherited)",
					"@executable_path/Frameworks",
				);
				PRODUCT_BUNDLE_IDENTIFIER = fivedottwelve.automaty;
				PRODUCT_NAME = "$(TARGET_NAME)";
				PROVISIONING_PROFILE_SPECIFIER = "Automaty Development";
				SWIFT_VERSION = 5.0;
				TARGETED_DEVICE_FAMILY = 1;
			};
			name = Debug;
		};
		F12D436624086AAF0020222C /* Release */ = {
			isa = XCBuildConfiguration;
			baseConfigurationReference = 4C8DBCB089FB73E6E3DEBA25 /* Pods-Automaty.release.xcconfig */;
			buildSettings = {
				ASSETCATALOG_COMPILER_APPICON_NAME = AppIcon;
				CODE_SIGN_IDENTITY = "iPhone Distribution";
				CODE_SIGN_STYLE = Manual;
				DEVELOPMENT_TEAM = M8663S48MK;
				INFOPLIST_FILE = Automaty/Others/Info.plist;
				IPHONEOS_DEPLOYMENT_TARGET = 12.0;
				LD_RUNPATH_SEARCH_PATHS = (
					"$(inherited)",
					"@executable_path/Frameworks",
				);
				PRODUCT_BUNDLE_IDENTIFIER = fivedottwelve.automaty;
				PRODUCT_NAME = "$(TARGET_NAME)";
				PROVISIONING_PROFILE_SPECIFIER = "Automaty App Store";
				SWIFT_VERSION = 5.0;
				TARGETED_DEVICE_FAMILY = 1;
			};
			name = Release;
		};
		F12D436824086AAF0020222C /* Debug */ = {
			isa = XCBuildConfiguration;
			baseConfigurationReference = E2174710AA461B9996137095 /* Pods-AutomatyTests.debug.xcconfig */;
			buildSettings = {
				ALWAYS_EMBED_SWIFT_STANDARD_LIBRARIES = YES;
				BUNDLE_LOADER = "$(TEST_HOST)";
				CLANG_ENABLE_MODULES = YES;
				CODE_SIGN_IDENTITY = "iPhone Developer";
				CODE_SIGN_STYLE = Manual;
				DEVELOPMENT_TEAM = M8663S48MK;
				INFOPLIST_FILE = AutomatyTests/Info.plist;
				IPHONEOS_DEPLOYMENT_TARGET = 13.2;
				LD_RUNPATH_SEARCH_PATHS = (
					"$(inherited)",
					"@executable_path/Frameworks",
					"@loader_path/Frameworks",
				);
				PRODUCT_BUNDLE_IDENTIFIER = tomasz.korab.AutomatyTests;
				PRODUCT_NAME = "$(TARGET_NAME)";
				PROVISIONING_PROFILE_SPECIFIER = "";
				"PROVISIONING_PROFILE_SPECIFIER[sdk=macosx*]" = "";
				SWIFT_OBJC_BRIDGING_HEADER = "AutomatyTests/AutomatyTests-Bridging-Header.h";
				SWIFT_OPTIMIZATION_LEVEL = "-Onone";
				SWIFT_VERSION = 5.0;
				TARGETED_DEVICE_FAMILY = "1,2";
				TEST_HOST = "$(BUILT_PRODUCTS_DIR)/Automaty.app/Automaty";
			};
			name = Debug;
		};
		F12D436924086AAF0020222C /* Release */ = {
			isa = XCBuildConfiguration;
			baseConfigurationReference = 872945C6F5BB696C28A695B9 /* Pods-AutomatyTests.release.xcconfig */;
			buildSettings = {
				ALWAYS_EMBED_SWIFT_STANDARD_LIBRARIES = YES;
				BUNDLE_LOADER = "$(TEST_HOST)";
				CLANG_ENABLE_MODULES = YES;
				CODE_SIGN_IDENTITY = "iPhone Developer";
				CODE_SIGN_STYLE = Manual;
				DEVELOPMENT_TEAM = M8663S48MK;
				INFOPLIST_FILE = AutomatyTests/Info.plist;
				IPHONEOS_DEPLOYMENT_TARGET = 13.2;
				LD_RUNPATH_SEARCH_PATHS = (
					"$(inherited)",
					"@executable_path/Frameworks",
					"@loader_path/Frameworks",
				);
				PRODUCT_BUNDLE_IDENTIFIER = tomasz.korab.AutomatyTests;
				PRODUCT_NAME = "$(TARGET_NAME)";
				PROVISIONING_PROFILE_SPECIFIER = "";
				"PROVISIONING_PROFILE_SPECIFIER[sdk=macosx*]" = "";
				SWIFT_OBJC_BRIDGING_HEADER = "AutomatyTests/AutomatyTests-Bridging-Header.h";
				SWIFT_VERSION = 5.0;
				TARGETED_DEVICE_FAMILY = "1,2";
				TEST_HOST = "$(BUILT_PRODUCTS_DIR)/Automaty.app/Automaty";
			};
			name = Release;
		};
		F12D436B24086AAF0020222C /* Debug */ = {
			isa = XCBuildConfiguration;
			baseConfigurationReference = 0F4E68B6CB2F14EBD4D0D2D5 /* Pods-Automaty-AutomatyUITests.debug.xcconfig */;
			buildSettings = {
				ALWAYS_EMBED_SWIFT_STANDARD_LIBRARIES = YES;
				CODE_SIGN_IDENTITY = "Apple Development";
				"CODE_SIGN_IDENTITY[sdk=macosx*]" = "Apple Development";
				CODE_SIGN_STYLE = Automatic;
				DEVELOPMENT_TEAM = M8663S48MK;
				INFOPLIST_FILE = AutomatyUITests/Info.plist;
				LD_RUNPATH_SEARCH_PATHS = (
					"$(inherited)",
					"@executable_path/Frameworks",
					"@loader_path/Frameworks",
				);
				PRODUCT_BUNDLE_IDENTIFIER = tomasz.korab.AutomatyUITests;
				PRODUCT_NAME = "$(TARGET_NAME)";
				PROVISIONING_PROFILE_SPECIFIER = "";
				"PROVISIONING_PROFILE_SPECIFIER[sdk=macosx*]" = "";
				SWIFT_VERSION = 5.0;
				TARGETED_DEVICE_FAMILY = "1,2";
				TEST_TARGET_NAME = Automaty;
			};
			name = Debug;
		};
		F12D436C24086AAF0020222C /* Release */ = {
			isa = XCBuildConfiguration;
			baseConfigurationReference = 74BD4EADA5775CA3EF949760 /* Pods-Automaty-AutomatyUITests.release.xcconfig */;
			buildSettings = {
				ALWAYS_EMBED_SWIFT_STANDARD_LIBRARIES = YES;
				CODE_SIGN_IDENTITY = "Apple Development";
				"CODE_SIGN_IDENTITY[sdk=macosx*]" = "Apple Development";
				CODE_SIGN_STYLE = Automatic;
				DEVELOPMENT_TEAM = M8663S48MK;
				INFOPLIST_FILE = AutomatyUITests/Info.plist;
				LD_RUNPATH_SEARCH_PATHS = (
					"$(inherited)",
					"@executable_path/Frameworks",
					"@loader_path/Frameworks",
				);
				PRODUCT_BUNDLE_IDENTIFIER = tomasz.korab.AutomatyUITests;
				PRODUCT_NAME = "$(TARGET_NAME)";
				PROVISIONING_PROFILE_SPECIFIER = "";
				"PROVISIONING_PROFILE_SPECIFIER[sdk=macosx*]" = "";
				SWIFT_VERSION = 5.0;
				TARGETED_DEVICE_FAMILY = "1,2";
				TEST_TARGET_NAME = Automaty;
			};
			name = Release;
		};
/* End XCBuildConfiguration section */

/* Begin XCConfigurationList section */
		F12D433524086AAE0020222C /* Build configuration list for PBXProject "Automaty" */ = {
			isa = XCConfigurationList;
			buildConfigurations = (
				F12D436224086AAF0020222C /* Debug */,
				F12D436324086AAF0020222C /* Release */,
			);
			defaultConfigurationIsVisible = 0;
			defaultConfigurationName = Release;
		};
		F12D436424086AAF0020222C /* Build configuration list for PBXNativeTarget "Automaty" */ = {
			isa = XCConfigurationList;
			buildConfigurations = (
				F12D436524086AAF0020222C /* Debug */,
				F12D436624086AAF0020222C /* Release */,
			);
			defaultConfigurationIsVisible = 0;
			defaultConfigurationName = Release;
		};
		F12D436724086AAF0020222C /* Build configuration list for PBXNativeTarget "AutomatyTests" */ = {
			isa = XCConfigurationList;
			buildConfigurations = (
				F12D436824086AAF0020222C /* Debug */,
				F12D436924086AAF0020222C /* Release */,
			);
			defaultConfigurationIsVisible = 0;
			defaultConfigurationName = Release;
		};
		F12D436A24086AAF0020222C /* Build configuration list for PBXNativeTarget "AutomatyUITests" */ = {
			isa = XCConfigurationList;
			buildConfigurations = (
				F12D436B24086AAF0020222C /* Debug */,
				F12D436C24086AAF0020222C /* Release */,
			);
			defaultConfigurationIsVisible = 0;
			defaultConfigurationName = Release;
		};
/* End XCConfigurationList section */
	};
	rootObject = F12D433224086AAE0020222C /* Project object */;
}
